
Microsoft Visual Studio Solution File, Format Version 12.00
# Visual Studio 15
VisualStudioVersion = 15.0.28307.438
MinimumVisualStudioVersion = 10.0.40219.1
Project("{FAE04EC0-301F-11D3-BF4B-00C04F79EFBC}") = "Stacks4", "Stacks4.csproj", "{0A75F152-F1FD-447F-A762-25052318F0BD}"
EndProject
Global
	GlobalSection(SolutionConfigurationPlatforms) = preSolution
		Debug|Any CPU = Debug|Any CPU
		Release|Any CPU = Release|Any CPU
	EndGlobalSection
	GlobalSection(ProjectConfigurationPlatforms) = postSolution
		{0A75F152-F1FD-447F-A762-25052318F0BD}.Debug|Any CPU.ActiveCfg = Debug|Any CPU
		{0A75F152-F1FD-447F-A762-25052318F0BD}.Debug|Any CPU.Build.0 = Debug|Any CPU
		{0A75F152-F1FD-447F-A762-25052318F0BD}.Release|Any CPU.ActiveCfg = Release|Any CPU
		{0A75F152-F1FD-447F-A762-25052318F0BD}.Release|Any CPU.Build.0 = Release|Any CPU
	EndGlobalSection
	GlobalSection(SolutionProperties) = preSolution
		HideSolutionNode = FALSE
	EndGlobalSection
	GlobalSection(ExtensibilityGlobals) = postSolution
		SolutionGuid = {EA69C818-3AF3-4296-9D62-1DCD3D244F91}
	EndGlobalSection
EndGlobal
