
Microsoft Visual Studio Solution File, Format Version 12.00
# Visual Studio 15
VisualStudioVersion = 15.0.28307.438
MinimumVisualStudioVersion = 10.0.40219.1
Project("{FAE04EC0-301F-11D3-BF4B-00C04F79EFBC}") = "SearchAndReplace", "SearchAndReplace\SearchAndReplace.csproj", "{E2A645D0-139A-4AEF-B82C-A5C96E8A218C}"
EndProject
Project("{FAE04EC0-301F-11D3-BF4B-00C04F79EFBC}") = "SparseArray", "SparseStrings\SparseArray.csproj", "{F7EB1E1D-F759-42F5-AF49-757A1F23CA6F}"
EndProject
Project("{FAE04EC0-301F-11D3-BF4B-00C04F79EFBC}") = "ArrayShiftLeft", "ArrayShiftLeft\ArrayShiftLeft.csproj", "{CF2E8356-1B99-4AF4-8179-085976495D77}"
EndProject
Project("{FAE04EC0-301F-11D3-BF4B-00C04F79EFBC}") = "RollString", "RollString\RollString.csproj", "{87CA3412-4475-4BC1-B70B-1EF3E0CF9F47}"
EndProject
Project("{FAE04EC0-301F-11D3-BF4B-00C04F79EFBC}") = "MinMoves", "MinMoves\MinMoves.csproj", "{A349FD03-8B58-4FD5-9DE2-75F9DE9DA5F1}"
EndProject
Project("{FAE04EC0-301F-11D3-BF4B-00C04F79EFBC}") = "MostCommonChar", "MostCommonChar\MostCommonChar.csproj", "{2FAF16EF-16B3-4D85-A72F-DD0D632EA8D9}"
EndProject
Project("{FAE04EC0-301F-11D3-BF4B-00C04F79EFBC}") = "SortingAlgos", "SortingAlgos\SortingAlgos.csproj", "{A06E43F9-898B-4A2B-9D7A-9B6058E42CB3}"
EndProject
Project("{FAE04EC0-301F-11D3-BF4B-00C04F79EFBC}") = "SinglyLinkedLists", "SinglyLinkedLists\SinglyLinkedLists.csproj", "{E2C978B1-92AF-4AC1-B24D-A1487BCBF4ED}"
EndProject
Project("{9A19103F-16F7-4668-BE54-9A1E7A4F7556}") = "MaxRect", "MaxRect\MaxRect\MaxRect.csproj", "{55979171-7873-4298-8608-63106CFFFC7D}"
EndProject
Project("{FAE04EC0-301F-11D3-BF4B-00C04F79EFBC}") = "Stacks1", "Stacks1\Stacks1.csproj", "{55CC8F93-5588-461B-8722-1F81998888DB}"
EndProject
Project("{FAE04EC0-301F-11D3-BF4B-00C04F79EFBC}") = "Stacks2", "Stacks2\Stacks2.csproj", "{64AFCBC1-E3A4-40DD-83EB-C82C6EFFC0CC}"
EndProject
Project("{FAE04EC0-301F-11D3-BF4B-00C04F79EFBC}") = "Stacks3", "Stacks3\Stacks3.csproj", "{8C9B7270-6635-478C-9374-060F27981E6D}"
EndProject
Project("{FAE04EC0-301F-11D3-BF4B-00C04F79EFBC}") = "Stacks4", "Stacks4\Stacks4.csproj", "{0A75F152-F1FD-447F-A762-25052318F0BD}"
EndProject
Project("{9A19103F-16F7-4668-BE54-9A1E7A4F7556}") = "StringBalance", "StringBalance\StringBalance\StringBalance.csproj", "{7ED739DC-D285-4914-9505-2D3DDB0E11B7}"
EndProject
Project("{FAE04EC0-301F-11D3-BF4B-00C04F79EFBC}") = "TreeOps", "TreeOps\TreeOps.csproj", "{FD48F751-6F23-48E0-B00B-802E475C6538}"
EndProject
Project("{FAE04EC0-301F-11D3-BF4B-00C04F79EFBC}") = "StringRepair", "StringRepair\StringRepair.csproj", "{FED469ED-B4B6-4153-9175-15663105F0DF}"
EndProject
Project("{FAE04EC0-301F-11D3-BF4B-00C04F79EFBC}") = "WhackAMole", "WhackAMole\WhackAMole.csproj", "{664CEE34-9C63-49A7-9E31-CAB35327B0B9}"
EndProject
Project("{FAE04EC0-301F-11D3-BF4B-00C04F79EFBC}") = "Heaps", "Heaps\Heaps.csproj", "{83D69456-C276-4879-87AC-A32862769E48}"
EndProject
Project("{FAE04EC0-301F-11D3-BF4B-00C04F79EFBC}") = "NextSmaller", "NextSmaller\NextSmaller.csproj", "{E7B402AA-CC08-4950-86B7-F385519D7EE8}"
EndProject
Project("{FAE04EC0-301F-11D3-BF4B-00C04F79EFBC}") = "DependencyGraph", "DependencyGraph\DependencyGraph.csproj", "{C2BE17DB-5835-4F5A-BFA6-003B846FA341}"
EndProject
Global
	GlobalSection(SolutionConfigurationPlatforms) = preSolution
		Debug|Any CPU = Debug|Any CPU
		Debug|x64 = Debug|x64
		Debug|x86 = Debug|x86
		Release|Any CPU = Release|Any CPU
		Release|x64 = Release|x64
		Release|x86 = Release|x86
	EndGlobalSection
	GlobalSection(ProjectConfigurationPlatforms) = postSolution
		{E2A645D0-139A-4AEF-B82C-A5C96E8A218C}.Debug|Any CPU.ActiveCfg = Debug|Any CPU
		{E2A645D0-139A-4AEF-B82C-A5C96E8A218C}.Debug|Any CPU.Build.0 = Debug|Any CPU
		{E2A645D0-139A-4AEF-B82C-A5C96E8A218C}.Debug|x64.ActiveCfg = Debug|Any CPU
		{E2A645D0-139A-4AEF-B82C-A5C96E8A218C}.Debug|x64.Build.0 = Debug|Any CPU
		{E2A645D0-139A-4AEF-B82C-A5C96E8A218C}.Debug|x86.ActiveCfg = Debug|Any CPU
		{E2A645D0-139A-4AEF-B82C-A5C96E8A218C}.Debug|x86.Build.0 = Debug|Any CPU
		{E2A645D0-139A-4AEF-B82C-A5C96E8A218C}.Release|Any CPU.ActiveCfg = Release|Any CPU
		{E2A645D0-139A-4AEF-B82C-A5C96E8A218C}.Release|Any CPU.Build.0 = Release|Any CPU
		{E2A645D0-139A-4AEF-B82C-A5C96E8A218C}.Release|x64.ActiveCfg = Release|Any CPU
		{E2A645D0-139A-4AEF-B82C-A5C96E8A218C}.Release|x64.Build.0 = Release|Any CPU
		{E2A645D0-139A-4AEF-B82C-A5C96E8A218C}.Release|x86.ActiveCfg = Release|Any CPU
		{E2A645D0-139A-4AEF-B82C-A5C96E8A218C}.Release|x86.Build.0 = Release|Any CPU
		{F7EB1E1D-F759-42F5-AF49-757A1F23CA6F}.Debug|Any CPU.ActiveCfg = Debug|Any CPU
		{F7EB1E1D-F759-42F5-AF49-757A1F23CA6F}.Debug|Any CPU.Build.0 = Debug|Any CPU
		{F7EB1E1D-F759-42F5-AF49-757A1F23CA6F}.Debug|x64.ActiveCfg = Debug|Any CPU
		{F7EB1E1D-F759-42F5-AF49-757A1F23CA6F}.Debug|x64.Build.0 = Debug|Any CPU
		{F7EB1E1D-F759-42F5-AF49-757A1F23CA6F}.Debug|x86.ActiveCfg = Debug|Any CPU
		{F7EB1E1D-F759-42F5-AF49-757A1F23CA6F}.Debug|x86.Build.0 = Debug|Any CPU
		{F7EB1E1D-F759-42F5-AF49-757A1F23CA6F}.Release|Any CPU.ActiveCfg = Release|Any CPU
		{F7EB1E1D-F759-42F5-AF49-757A1F23CA6F}.Release|Any CPU.Build.0 = Release|Any CPU
		{F7EB1E1D-F759-42F5-AF49-757A1F23CA6F}.Release|x64.ActiveCfg = Release|Any CPU
		{F7EB1E1D-F759-42F5-AF49-757A1F23CA6F}.Release|x64.Build.0 = Release|Any CPU
		{F7EB1E1D-F759-42F5-AF49-757A1F23CA6F}.Release|x86.ActiveCfg = Release|Any CPU
		{F7EB1E1D-F759-42F5-AF49-757A1F23CA6F}.Release|x86.Build.0 = Release|Any CPU
		{CF2E8356-1B99-4AF4-8179-085976495D77}.Debug|Any CPU.ActiveCfg = Debug|Any CPU
		{CF2E8356-1B99-4AF4-8179-085976495D77}.Debug|Any CPU.Build.0 = Debug|Any CPU
		{CF2E8356-1B99-4AF4-8179-085976495D77}.Debug|x64.ActiveCfg = Debug|Any CPU
		{CF2E8356-1B99-4AF4-8179-085976495D77}.Debug|x64.Build.0 = Debug|Any CPU
		{CF2E8356-1B99-4AF4-8179-085976495D77}.Debug|x86.ActiveCfg = Debug|Any CPU
		{CF2E8356-1B99-4AF4-8179-085976495D77}.Debug|x86.Build.0 = Debug|Any CPU
		{CF2E8356-1B99-4AF4-8179-085976495D77}.Release|Any CPU.ActiveCfg = Release|Any CPU
		{CF2E8356-1B99-4AF4-8179-085976495D77}.Release|Any CPU.Build.0 = Release|Any CPU
		{CF2E8356-1B99-4AF4-8179-085976495D77}.Release|x64.ActiveCfg = Release|Any CPU
		{CF2E8356-1B99-4AF4-8179-085976495D77}.Release|x64.Build.0 = Release|Any CPU
		{CF2E8356-1B99-4AF4-8179-085976495D77}.Release|x86.ActiveCfg = Release|Any CPU
		{CF2E8356-1B99-4AF4-8179-085976495D77}.Release|x86.Build.0 = Release|Any CPU
		{87CA3412-4475-4BC1-B70B-1EF3E0CF9F47}.Debug|Any CPU.ActiveCfg = Debug|Any CPU
		{87CA3412-4475-4BC1-B70B-1EF3E0CF9F47}.Debug|Any CPU.Build.0 = Debug|Any CPU
		{87CA3412-4475-4BC1-B70B-1EF3E0CF9F47}.Debug|x64.ActiveCfg = Debug|Any CPU
		{87CA3412-4475-4BC1-B70B-1EF3E0CF9F47}.Debug|x64.Build.0 = Debug|Any CPU
		{87CA3412-4475-4BC1-B70B-1EF3E0CF9F47}.Debug|x86.ActiveCfg = Debug|Any CPU
		{87CA3412-4475-4BC1-B70B-1EF3E0CF9F47}.Debug|x86.Build.0 = Debug|Any CPU
		{87CA3412-4475-4BC1-B70B-1EF3E0CF9F47}.Release|Any CPU.ActiveCfg = Release|Any CPU
		{87CA3412-4475-4BC1-B70B-1EF3E0CF9F47}.Release|Any CPU.Build.0 = Release|Any CPU
		{87CA3412-4475-4BC1-B70B-1EF3E0CF9F47}.Release|x64.ActiveCfg = Release|Any CPU
		{87CA3412-4475-4BC1-B70B-1EF3E0CF9F47}.Release|x64.Build.0 = Release|Any CPU
		{87CA3412-4475-4BC1-B70B-1EF3E0CF9F47}.Release|x86.ActiveCfg = Release|Any CPU
		{87CA3412-4475-4BC1-B70B-1EF3E0CF9F47}.Release|x86.Build.0 = Release|Any CPU
		{A349FD03-8B58-4FD5-9DE2-75F9DE9DA5F1}.Debug|Any CPU.ActiveCfg = Debug|Any CPU
		{A349FD03-8B58-4FD5-9DE2-75F9DE9DA5F1}.Debug|Any CPU.Build.0 = Debug|Any CPU
		{A349FD03-8B58-4FD5-9DE2-75F9DE9DA5F1}.Debug|x64.ActiveCfg = Debug|Any CPU
		{A349FD03-8B58-4FD5-9DE2-75F9DE9DA5F1}.Debug|x64.Build.0 = Debug|Any CPU
		{A349FD03-8B58-4FD5-9DE2-75F9DE9DA5F1}.Debug|x86.ActiveCfg = Debug|Any CPU
		{A349FD03-8B58-4FD5-9DE2-75F9DE9DA5F1}.Debug|x86.Build.0 = Debug|Any CPU
		{A349FD03-8B58-4FD5-9DE2-75F9DE9DA5F1}.Release|Any CPU.ActiveCfg = Release|Any CPU
		{A349FD03-8B58-4FD5-9DE2-75F9DE9DA5F1}.Release|Any CPU.Build.0 = Release|Any CPU
		{A349FD03-8B58-4FD5-9DE2-75F9DE9DA5F1}.Release|x64.ActiveCfg = Release|Any CPU
		{A349FD03-8B58-4FD5-9DE2-75F9DE9DA5F1}.Release|x64.Build.0 = Release|Any CPU
		{A349FD03-8B58-4FD5-9DE2-75F9DE9DA5F1}.Release|x86.ActiveCfg = Release|Any CPU
		{A349FD03-8B58-4FD5-9DE2-75F9DE9DA5F1}.Release|x86.Build.0 = Release|Any CPU
		{2FAF16EF-16B3-4D85-A72F-DD0D632EA8D9}.Debug|Any CPU.ActiveCfg = Debug|Any CPU
		{2FAF16EF-16B3-4D85-A72F-DD0D632EA8D9}.Debug|Any CPU.Build.0 = Debug|Any CPU
		{2FAF16EF-16B3-4D85-A72F-DD0D632EA8D9}.Debug|x64.ActiveCfg = Debug|Any CPU
		{2FAF16EF-16B3-4D85-A72F-DD0D632EA8D9}.Debug|x64.Build.0 = Debug|Any CPU
		{2FAF16EF-16B3-4D85-A72F-DD0D632EA8D9}.Debug|x86.ActiveCfg = Debug|Any CPU
		{2FAF16EF-16B3-4D85-A72F-DD0D632EA8D9}.Debug|x86.Build.0 = Debug|Any CPU
		{2FAF16EF-16B3-4D85-A72F-DD0D632EA8D9}.Release|Any CPU.ActiveCfg = Release|Any CPU
		{2FAF16EF-16B3-4D85-A72F-DD0D632EA8D9}.Release|Any CPU.Build.0 = Release|Any CPU
		{2FAF16EF-16B3-4D85-A72F-DD0D632EA8D9}.Release|x64.ActiveCfg = Release|Any CPU
		{2FAF16EF-16B3-4D85-A72F-DD0D632EA8D9}.Release|x64.Build.0 = Release|Any CPU
		{2FAF16EF-16B3-4D85-A72F-DD0D632EA8D9}.Release|x86.ActiveCfg = Release|Any CPU
		{2FAF16EF-16B3-4D85-A72F-DD0D632EA8D9}.Release|x86.Build.0 = Release|Any CPU
		{A06E43F9-898B-4A2B-9D7A-9B6058E42CB3}.Debug|Any CPU.ActiveCfg = Debug|Any CPU
		{A06E43F9-898B-4A2B-9D7A-9B6058E42CB3}.Debug|Any CPU.Build.0 = Debug|Any CPU
		{A06E43F9-898B-4A2B-9D7A-9B6058E42CB3}.Debug|x64.ActiveCfg = Debug|Any CPU
		{A06E43F9-898B-4A2B-9D7A-9B6058E42CB3}.Debug|x64.Build.0 = Debug|Any CPU
		{A06E43F9-898B-4A2B-9D7A-9B6058E42CB3}.Debug|x86.ActiveCfg = Debug|Any CPU
		{A06E43F9-898B-4A2B-9D7A-9B6058E42CB3}.Debug|x86.Build.0 = Debug|Any CPU
		{A06E43F9-898B-4A2B-9D7A-9B6058E42CB3}.Release|Any CPU.ActiveCfg = Release|Any CPU
		{A06E43F9-898B-4A2B-9D7A-9B6058E42CB3}.Release|Any CPU.Build.0 = Release|Any CPU
		{A06E43F9-898B-4A2B-9D7A-9B6058E42CB3}.Release|x64.ActiveCfg = Release|Any CPU
		{A06E43F9-898B-4A2B-9D7A-9B6058E42CB3}.Release|x64.Build.0 = Release|Any CPU
		{A06E43F9-898B-4A2B-9D7A-9B6058E42CB3}.Release|x86.ActiveCfg = Release|Any CPU
		{A06E43F9-898B-4A2B-9D7A-9B6058E42CB3}.Release|x86.Build.0 = Release|Any CPU
		{E2C978B1-92AF-4AC1-B24D-A1487BCBF4ED}.Debug|Any CPU.ActiveCfg = Debug|Any CPU
		{E2C978B1-92AF-4AC1-B24D-A1487BCBF4ED}.Debug|Any CPU.Build.0 = Debug|Any CPU
		{E2C978B1-92AF-4AC1-B24D-A1487BCBF4ED}.Debug|x64.ActiveCfg = Debug|Any CPU
		{E2C978B1-92AF-4AC1-B24D-A1487BCBF4ED}.Debug|x64.Build.0 = Debug|Any CPU
		{E2C978B1-92AF-4AC1-B24D-A1487BCBF4ED}.Debug|x86.ActiveCfg = Debug|Any CPU
		{E2C978B1-92AF-4AC1-B24D-A1487BCBF4ED}.Debug|x86.Build.0 = Debug|Any CPU
		{E2C978B1-92AF-4AC1-B24D-A1487BCBF4ED}.Release|Any CPU.ActiveCfg = Release|Any CPU
		{E2C978B1-92AF-4AC1-B24D-A1487BCBF4ED}.Release|Any CPU.Build.0 = Release|Any CPU
		{E2C978B1-92AF-4AC1-B24D-A1487BCBF4ED}.Release|x64.ActiveCfg = Release|Any CPU
		{E2C978B1-92AF-4AC1-B24D-A1487BCBF4ED}.Release|x64.Build.0 = Release|Any CPU
		{E2C978B1-92AF-4AC1-B24D-A1487BCBF4ED}.Release|x86.ActiveCfg = Release|Any CPU
		{E2C978B1-92AF-4AC1-B24D-A1487BCBF4ED}.Release|x86.Build.0 = Release|Any CPU
		{55979171-7873-4298-8608-63106CFFFC7D}.Debug|Any CPU.ActiveCfg = Debug|Any CPU
		{55979171-7873-4298-8608-63106CFFFC7D}.Debug|Any CPU.Build.0 = Debug|Any CPU
		{55979171-7873-4298-8608-63106CFFFC7D}.Debug|x64.ActiveCfg = Debug|Any CPU
		{55979171-7873-4298-8608-63106CFFFC7D}.Debug|x64.Build.0 = Debug|Any CPU
		{55979171-7873-4298-8608-63106CFFFC7D}.Debug|x86.ActiveCfg = Debug|Any CPU
		{55979171-7873-4298-8608-63106CFFFC7D}.Debug|x86.Build.0 = Debug|Any CPU
		{55979171-7873-4298-8608-63106CFFFC7D}.Release|Any CPU.ActiveCfg = Release|Any CPU
		{55979171-7873-4298-8608-63106CFFFC7D}.Release|Any CPU.Build.0 = Release|Any CPU
		{55979171-7873-4298-8608-63106CFFFC7D}.Release|x64.ActiveCfg = Release|Any CPU
		{55979171-7873-4298-8608-63106CFFFC7D}.Release|x64.Build.0 = Release|Any CPU
		{55979171-7873-4298-8608-63106CFFFC7D}.Release|x86.ActiveCfg = Release|Any CPU
		{55979171-7873-4298-8608-63106CFFFC7D}.Release|x86.Build.0 = Release|Any CPU
		{55CC8F93-5588-461B-8722-1F81998888DB}.Debug|Any CPU.ActiveCfg = Debug|Any CPU
		{55CC8F93-5588-461B-8722-1F81998888DB}.Debug|Any CPU.Build.0 = Debug|Any CPU
		{55CC8F93-5588-461B-8722-1F81998888DB}.Debug|x64.ActiveCfg = Debug|Any CPU
		{55CC8F93-5588-461B-8722-1F81998888DB}.Debug|x64.Build.0 = Debug|Any CPU
		{55CC8F93-5588-461B-8722-1F81998888DB}.Debug|x86.ActiveCfg = Debug|Any CPU
		{55CC8F93-5588-461B-8722-1F81998888DB}.Debug|x86.Build.0 = Debug|Any CPU
		{55CC8F93-5588-461B-8722-1F81998888DB}.Release|Any CPU.ActiveCfg = Release|Any CPU
		{55CC8F93-5588-461B-8722-1F81998888DB}.Release|Any CPU.Build.0 = Release|Any CPU
		{55CC8F93-5588-461B-8722-1F81998888DB}.Release|x64.ActiveCfg = Release|Any CPU
		{55CC8F93-5588-461B-8722-1F81998888DB}.Release|x64.Build.0 = Release|Any CPU
		{55CC8F93-5588-461B-8722-1F81998888DB}.Release|x86.ActiveCfg = Release|Any CPU
		{55CC8F93-5588-461B-8722-1F81998888DB}.Release|x86.Build.0 = Release|Any CPU
		{64AFCBC1-E3A4-40DD-83EB-C82C6EFFC0CC}.Debug|Any CPU.ActiveCfg = Debug|Any CPU
		{64AFCBC1-E3A4-40DD-83EB-C82C6EFFC0CC}.Debug|Any CPU.Build.0 = Debug|Any CPU
		{64AFCBC1-E3A4-40DD-83EB-C82C6EFFC0CC}.Debug|x64.ActiveCfg = Debug|Any CPU
		{64AFCBC1-E3A4-40DD-83EB-C82C6EFFC0CC}.Debug|x64.Build.0 = Debug|Any CPU
		{64AFCBC1-E3A4-40DD-83EB-C82C6EFFC0CC}.Debug|x86.ActiveCfg = Debug|Any CPU
		{64AFCBC1-E3A4-40DD-83EB-C82C6EFFC0CC}.Debug|x86.Build.0 = Debug|Any CPU
		{64AFCBC1-E3A4-40DD-83EB-C82C6EFFC0CC}.Release|Any CPU.ActiveCfg = Release|Any CPU
		{64AFCBC1-E3A4-40DD-83EB-C82C6EFFC0CC}.Release|Any CPU.Build.0 = Release|Any CPU
		{64AFCBC1-E3A4-40DD-83EB-C82C6EFFC0CC}.Release|x64.ActiveCfg = Release|Any CPU
		{64AFCBC1-E3A4-40DD-83EB-C82C6EFFC0CC}.Release|x64.Build.0 = Release|Any CPU
		{64AFCBC1-E3A4-40DD-83EB-C82C6EFFC0CC}.Release|x86.ActiveCfg = Release|Any CPU
		{64AFCBC1-E3A4-40DD-83EB-C82C6EFFC0CC}.Release|x86.Build.0 = Release|Any CPU
		{8C9B7270-6635-478C-9374-060F27981E6D}.Debug|Any CPU.ActiveCfg = Debug|Any CPU
		{8C9B7270-6635-478C-9374-060F27981E6D}.Debug|Any CPU.Build.0 = Debug|Any CPU
		{8C9B7270-6635-478C-9374-060F27981E6D}.Debug|x64.ActiveCfg = Debug|Any CPU
		{8C9B7270-6635-478C-9374-060F27981E6D}.Debug|x64.Build.0 = Debug|Any CPU
		{8C9B7270-6635-478C-9374-060F27981E6D}.Debug|x86.ActiveCfg = Debug|Any CPU
		{8C9B7270-6635-478C-9374-060F27981E6D}.Debug|x86.Build.0 = Debug|Any CPU
		{8C9B7270-6635-478C-9374-060F27981E6D}.Release|Any CPU.ActiveCfg = Release|Any CPU
		{8C9B7270-6635-478C-9374-060F27981E6D}.Release|Any CPU.Build.0 = Release|Any CPU
		{8C9B7270-6635-478C-9374-060F27981E6D}.Release|x64.ActiveCfg = Release|Any CPU
		{8C9B7270-6635-478C-9374-060F27981E6D}.Release|x64.Build.0 = Release|Any CPU
		{8C9B7270-6635-478C-9374-060F27981E6D}.Release|x86.ActiveCfg = Release|Any CPU
		{8C9B7270-6635-478C-9374-060F27981E6D}.Release|x86.Build.0 = Release|Any CPU
		{0A75F152-F1FD-447F-A762-25052318F0BD}.Debug|Any CPU.ActiveCfg = Debug|Any CPU
		{0A75F152-F1FD-447F-A762-25052318F0BD}.Debug|Any CPU.Build.0 = Debug|Any CPU
		{0A75F152-F1FD-447F-A762-25052318F0BD}.Debug|x64.ActiveCfg = Debug|Any CPU
		{0A75F152-F1FD-447F-A762-25052318F0BD}.Debug|x64.Build.0 = Debug|Any CPU
		{0A75F152-F1FD-447F-A762-25052318F0BD}.Debug|x86.ActiveCfg = Debug|Any CPU
		{0A75F152-F1FD-447F-A762-25052318F0BD}.Debug|x86.Build.0 = Debug|Any CPU
		{0A75F152-F1FD-447F-A762-25052318F0BD}.Release|Any CPU.ActiveCfg = Release|Any CPU
		{0A75F152-F1FD-447F-A762-25052318F0BD}.Release|Any CPU.Build.0 = Release|Any CPU
		{0A75F152-F1FD-447F-A762-25052318F0BD}.Release|x64.ActiveCfg = Release|Any CPU
		{0A75F152-F1FD-447F-A762-25052318F0BD}.Release|x64.Build.0 = Release|Any CPU
		{0A75F152-F1FD-447F-A762-25052318F0BD}.Release|x86.ActiveCfg = Release|Any CPU
		{0A75F152-F1FD-447F-A762-25052318F0BD}.Release|x86.Build.0 = Release|Any CPU
		{7ED739DC-D285-4914-9505-2D3DDB0E11B7}.Debug|Any CPU.ActiveCfg = Debug|Any CPU
		{7ED739DC-D285-4914-9505-2D3DDB0E11B7}.Debug|Any CPU.Build.0 = Debug|Any CPU
		{7ED739DC-D285-4914-9505-2D3DDB0E11B7}.Debug|x64.ActiveCfg = Debug|Any CPU
		{7ED739DC-D285-4914-9505-2D3DDB0E11B7}.Debug|x64.Build.0 = Debug|Any CPU
		{7ED739DC-D285-4914-9505-2D3DDB0E11B7}.Debug|x86.ActiveCfg = Debug|Any CPU
		{7ED739DC-D285-4914-9505-2D3DDB0E11B7}.Debug|x86.Build.0 = Debug|Any CPU
		{7ED739DC-D285-4914-9505-2D3DDB0E11B7}.Release|Any CPU.ActiveCfg = Release|Any CPU
		{7ED739DC-D285-4914-9505-2D3DDB0E11B7}.Release|Any CPU.Build.0 = Release|Any CPU
		{7ED739DC-D285-4914-9505-2D3DDB0E11B7}.Release|x64.ActiveCfg = Release|Any CPU
		{7ED739DC-D285-4914-9505-2D3DDB0E11B7}.Release|x64.Build.0 = Release|Any CPU
		{7ED739DC-D285-4914-9505-2D3DDB0E11B7}.Release|x86.ActiveCfg = Release|Any CPU
		{7ED739DC-D285-4914-9505-2D3DDB0E11B7}.Release|x86.Build.0 = Release|Any CPU
		{FD48F751-6F23-48E0-B00B-802E475C6538}.Debug|Any CPU.ActiveCfg = Debug|Any CPU
		{FD48F751-6F23-48E0-B00B-802E475C6538}.Debug|Any CPU.Build.0 = Debug|Any CPU
		{FD48F751-6F23-48E0-B00B-802E475C6538}.Debug|x64.ActiveCfg = Debug|Any CPU
		{FD48F751-6F23-48E0-B00B-802E475C6538}.Debug|x64.Build.0 = Debug|Any CPU
		{FD48F751-6F23-48E0-B00B-802E475C6538}.Debug|x86.ActiveCfg = Debug|Any CPU
		{FD48F751-6F23-48E0-B00B-802E475C6538}.Debug|x86.Build.0 = Debug|Any CPU
		{FD48F751-6F23-48E0-B00B-802E475C6538}.Release|Any CPU.ActiveCfg = Release|Any CPU
		{FD48F751-6F23-48E0-B00B-802E475C6538}.Release|Any CPU.Build.0 = Release|Any CPU
		{FD48F751-6F23-48E0-B00B-802E475C6538}.Release|x64.ActiveCfg = Release|Any CPU
		{FD48F751-6F23-48E0-B00B-802E475C6538}.Release|x64.Build.0 = Release|Any CPU
		{FD48F751-6F23-48E0-B00B-802E475C6538}.Release|x86.ActiveCfg = Release|Any CPU
		{FD48F751-6F23-48E0-B00B-802E475C6538}.Release|x86.Build.0 = Release|Any CPU
		{FED469ED-B4B6-4153-9175-15663105F0DF}.Debug|Any CPU.ActiveCfg = Debug|Any CPU
		{FED469ED-B4B6-4153-9175-15663105F0DF}.Debug|Any CPU.Build.0 = Debug|Any CPU
		{FED469ED-B4B6-4153-9175-15663105F0DF}.Debug|x64.ActiveCfg = Debug|Any CPU
		{FED469ED-B4B6-4153-9175-15663105F0DF}.Debug|x64.Build.0 = Debug|Any CPU
		{FED469ED-B4B6-4153-9175-15663105F0DF}.Debug|x86.ActiveCfg = Debug|Any CPU
		{FED469ED-B4B6-4153-9175-15663105F0DF}.Debug|x86.Build.0 = Debug|Any CPU
		{FED469ED-B4B6-4153-9175-15663105F0DF}.Release|Any CPU.ActiveCfg = Release|Any CPU
		{FED469ED-B4B6-4153-9175-15663105F0DF}.Release|Any CPU.Build.0 = Release|Any CPU
		{FED469ED-B4B6-4153-9175-15663105F0DF}.Release|x64.ActiveCfg = Release|Any CPU
		{FED469ED-B4B6-4153-9175-15663105F0DF}.Release|x64.Build.0 = Release|Any CPU
		{FED469ED-B4B6-4153-9175-15663105F0DF}.Release|x86.ActiveCfg = Release|Any CPU
		{FED469ED-B4B6-4153-9175-15663105F0DF}.Release|x86.Build.0 = Release|Any CPU
		{664CEE34-9C63-49A7-9E31-CAB35327B0B9}.Debug|Any CPU.ActiveCfg = Debug|Any CPU
		{664CEE34-9C63-49A7-9E31-CAB35327B0B9}.Debug|Any CPU.Build.0 = Debug|Any CPU
		{664CEE34-9C63-49A7-9E31-CAB35327B0B9}.Debug|x64.ActiveCfg = Debug|Any CPU
		{664CEE34-9C63-49A7-9E31-CAB35327B0B9}.Debug|x64.Build.0 = Debug|Any CPU
		{664CEE34-9C63-49A7-9E31-CAB35327B0B9}.Debug|x86.ActiveCfg = Debug|Any CPU
		{664CEE34-9C63-49A7-9E31-CAB35327B0B9}.Debug|x86.Build.0 = Debug|Any CPU
		{664CEE34-9C63-49A7-9E31-CAB35327B0B9}.Release|Any CPU.ActiveCfg = Release|Any CPU
		{664CEE34-9C63-49A7-9E31-CAB35327B0B9}.Release|Any CPU.Build.0 = Release|Any CPU
		{664CEE34-9C63-49A7-9E31-CAB35327B0B9}.Release|x64.ActiveCfg = Release|Any CPU
		{664CEE34-9C63-49A7-9E31-CAB35327B0B9}.Release|x64.Build.0 = Release|Any CPU
		{664CEE34-9C63-49A7-9E31-CAB35327B0B9}.Release|x86.ActiveCfg = Release|Any CPU
		{664CEE34-9C63-49A7-9E31-CAB35327B0B9}.Release|x86.Build.0 = Release|Any CPU
		{83D69456-C276-4879-87AC-A32862769E48}.Debug|Any CPU.ActiveCfg = Debug|Any CPU
		{83D69456-C276-4879-87AC-A32862769E48}.Debug|Any CPU.Build.0 = Debug|Any CPU
		{83D69456-C276-4879-87AC-A32862769E48}.Debug|x64.ActiveCfg = Debug|Any CPU
		{83D69456-C276-4879-87AC-A32862769E48}.Debug|x64.Build.0 = Debug|Any CPU
		{83D69456-C276-4879-87AC-A32862769E48}.Debug|x86.ActiveCfg = Debug|Any CPU
		{83D69456-C276-4879-87AC-A32862769E48}.Debug|x86.Build.0 = Debug|Any CPU
		{83D69456-C276-4879-87AC-A32862769E48}.Release|Any CPU.ActiveCfg = Release|Any CPU
		{83D69456-C276-4879-87AC-A32862769E48}.Release|Any CPU.Build.0 = Release|Any CPU
		{83D69456-C276-4879-87AC-A32862769E48}.Release|x64.ActiveCfg = Release|Any CPU
		{83D69456-C276-4879-87AC-A32862769E48}.Release|x64.Build.0 = Release|Any CPU
		{83D69456-C276-4879-87AC-A32862769E48}.Release|x86.ActiveCfg = Release|Any CPU
		{83D69456-C276-4879-87AC-A32862769E48}.Release|x86.Build.0 = Release|Any CPU
		{E7B402AA-CC08-4950-86B7-F385519D7EE8}.Debug|Any CPU.ActiveCfg = Debug|Any CPU
		{E7B402AA-CC08-4950-86B7-F385519D7EE8}.Debug|Any CPU.Build.0 = Debug|Any CPU
		{E7B402AA-CC08-4950-86B7-F385519D7EE8}.Debug|x64.ActiveCfg = Debug|Any CPU
		{E7B402AA-CC08-4950-86B7-F385519D7EE8}.Debug|x64.Build.0 = Debug|Any CPU
		{E7B402AA-CC08-4950-86B7-F385519D7EE8}.Debug|x86.ActiveCfg = Debug|Any CPU
		{E7B402AA-CC08-4950-86B7-F385519D7EE8}.Debug|x86.Build.0 = Debug|Any CPU
		{E7B402AA-CC08-4950-86B7-F385519D7EE8}.Release|Any CPU.ActiveCfg = Release|Any CPU
		{E7B402AA-CC08-4950-86B7-F385519D7EE8}.Release|Any CPU.Build.0 = Release|Any CPU
		{E7B402AA-CC08-4950-86B7-F385519D7EE8}.Release|x64.ActiveCfg = Release|Any CPU
		{E7B402AA-CC08-4950-86B7-F385519D7EE8}.Release|x64.Build.0 = Release|Any CPU
		{E7B402AA-CC08-4950-86B7-F385519D7EE8}.Release|x86.ActiveCfg = Release|Any CPU
		{E7B402AA-CC08-4950-86B7-F385519D7EE8}.Release|x86.Build.0 = Release|Any CPU
		{C2BE17DB-5835-4F5A-BFA6-003B846FA341}.Debug|Any CPU.ActiveCfg = Debug|Any CPU
		{C2BE17DB-5835-4F5A-BFA6-003B846FA341}.Debug|Any CPU.Build.0 = Debug|Any CPU
		{C2BE17DB-5835-4F5A-BFA6-003B846FA341}.Debug|x64.ActiveCfg = Debug|Any CPU
		{C2BE17DB-5835-4F5A-BFA6-003B846FA341}.Debug|x64.Build.0 = Debug|Any CPU
		{C2BE17DB-5835-4F5A-BFA6-003B846FA341}.Debug|x86.ActiveCfg = Debug|Any CPU
		{C2BE17DB-5835-4F5A-BFA6-003B846FA341}.Debug|x86.Build.0 = Debug|Any CPU
		{C2BE17DB-5835-4F5A-BFA6-003B846FA341}.Release|Any CPU.ActiveCfg = Release|Any CPU
		{C2BE17DB-5835-4F5A-BFA6-003B846FA341}.Release|Any CPU.Build.0 = Release|Any CPU
		{C2BE17DB-5835-4F5A-BFA6-003B846FA341}.Release|x64.ActiveCfg = Release|Any CPU
		{C2BE17DB-5835-4F5A-BFA6-003B846FA341}.Release|x64.Build.0 = Release|Any CPU
		{C2BE17DB-5835-4F5A-BFA6-003B846FA341}.Release|x86.ActiveCfg = Release|Any CPU
		{C2BE17DB-5835-4F5A-BFA6-003B846FA341}.Release|x86.Build.0 = Release|Any CPU
	EndGlobalSection
	GlobalSection(SolutionProperties) = preSolution
		HideSolutionNode = FALSE
	EndGlobalSection
	GlobalSection(ExtensibilityGlobals) = postSolution
		SolutionGuid = {0895D20D-7BB6-4A1F-A0A3-A068D78080F5}
	EndGlobalSection
EndGlobal
