
Microsoft Visual Studio Solution File, Format Version 12.00
# Visual Studio 15
VisualStudioVersion = 15.0.28307.438
MinimumVisualStudioVersion = 10.0.40219.1
Project("{FAE04EC0-301F-11D3-BF4B-00C04F79EFBC}") = "StringRepair_AMZN", "StringRepair_AMZN.csproj", "{FED469ED-B4B6-4153-9175-15663105F0DF}"
EndProject
Global
	GlobalSection(SolutionConfigurationPlatforms) = preSolution
		Debug|Any CPU = Debug|Any CPU
		Release|Any CPU = Release|Any CPU
	EndGlobalSection
	GlobalSection(ProjectConfigurationPlatforms) = postSolution
		{FED469ED-B4B6-4153-9175-15663105F0DF}.Debug|Any CPU.ActiveCfg = Debug|Any CPU
		{FED469ED-B4B6-4153-9175-15663105F0DF}.Debug|Any CPU.Build.0 = Debug|Any CPU
		{FED469ED-B4B6-4153-9175-15663105F0DF}.Release|Any CPU.ActiveCfg = Release|Any CPU
		{FED469ED-B4B6-4153-9175-15663105F0DF}.Release|Any CPU.Build.0 = Release|Any CPU
	EndGlobalSection
	GlobalSection(SolutionProperties) = preSolution
		HideSolutionNode = FALSE
	EndGlobalSection
	GlobalSection(ExtensibilityGlobals) = postSolution
		SolutionGuid = {A77D5CF0-D239-43A1-B79B-18205E043458}
	EndGlobalSection
EndGlobal
